Microsoft Visual Studio Solution File, Format Version 12.00
# Visual Studio Version 17
VisualStudioVersion = 17.5.2.0
MinimumVisualStudioVersion = 10.0.40219.1
Project("{FAE04EC0-301F-11D3-BF4B-00C04F79EFBC}") = "LoginProjeto", "LoginProjeto.csproj", "{2AD73AED-083D-D40C-1FDB-16E6A468CE63}"
EndProject
Global
	GlobalSection(SolutionConfigurationPlatforms) = preSolution
		Debug|Any CPU = Debug|Any CPU
		Release|Any CPU = Release|Any CPU
	EndGlobalSection
	GlobalSection(ProjectConfigurationPlatforms) = postSolution
		{2AD73AED-083D-D40C-1FDB-16E6A468CE63}.Debug|Any CPU.ActiveCfg = Debug|Any CPU
		{2AD73AED-083D-D40C-1FDB-16E6A468CE63}.Debug|Any CPU.Build.0 = Debug|Any CPU
		{2AD73AED-083D-D40C-1FDB-16E6A468CE63}.Release|Any CPU.ActiveCfg = Release|Any CPU
		{2AD73AED-083D-D40C-1FDB-16E6A468CE63}.Release|Any CPU.Build.0 = Release|Any CPU
	EndGlobalSection
	GlobalSection(SolutionProperties) = preSolution
		HideSolutionNode = FALSE
	EndGlobalSection
	GlobalSection(ExtensibilityGlobals) = postSolution
		SolutionGuid = {D8828E0D-2744-4572-8C43-D53E6C6AD5EF}
	EndGlobalSection
EndGlobal
