Microsoft Visual Studio Solution File, Format Version 12.00
# Visual Studio Version 17
VisualStudioVersion = 17.5.2.0
MinimumVisualStudioVersion = 10.0.40219.1
Project("{FAE04EC0-301F-11D3-BF4B-00C04F79EFBC}") = "Exercicio_MVC_PersonagemJogo", "Exercicio_MVC_PersonagemJogo.csproj", "{56B3BFCD-A9F1-105C-C5BE-7F17D567463E}"
EndProject
Global
	GlobalSection(SolutionConfigurationPlatforms) = preSolution
		Debug|Any CPU = Debug|Any CPU
		Release|Any CPU = Release|Any CPU
	EndGlobalSection
	GlobalSection(ProjectConfigurationPlatforms) = postSolution
		{56B3BFCD-A9F1-105C-C5BE-7F17D567463E}.Debug|Any CPU.ActiveCfg = Debug|Any CPU
		{56B3BFCD-A9F1-105C-C5BE-7F17D567463E}.Debug|Any CPU.Build.0 = Debug|Any CPU
		{56B3BFCD-A9F1-105C-C5BE-7F17D567463E}.Release|Any CPU.ActiveCfg = Release|Any CPU
		{56B3BFCD-A9F1-105C-C5BE-7F17D567463E}.Release|Any CPU.Build.0 = Release|Any CPU
	EndGlobalSection
	GlobalSection(SolutionProperties) = preSolution
		HideSolutionNode = FALSE
	EndGlobalSection
	GlobalSection(ExtensibilityGlobals) = postSolution
		SolutionGuid = {DB3BC56C-3B10-4B10-A337-AF73099EAA2F}
	EndGlobalSection
EndGlobal
